
Microsoft Visual Studio Solution File, Format Version 11.00
# Visual Studio 2010
Project("{FAE04EC0-301F-11D3-BF4B-00C04F79EFBC}") = "Page25", "Page25\Page25.csproj", "{412082EE-BBA3-4A0D-971F-7B1E8683096A}"
EndProject
Global
	GlobalSection(SolutionConfigurationPlatforms) = preSolution
		Debug|x86 = Debug|x86
		Release|x86 = Release|x86
	EndGlobalSection
	GlobalSection(ProjectConfigurationPlatforms) = postSolution
		{412082EE-BBA3-4A0D-971F-7B1E8683096A}.Debug|x86.ActiveCfg = Debug|x86
		{412082EE-BBA3-4A0D-971F-7B1E8683096A}.Debug|x86.Build.0 = Debug|x86
		{412082EE-BBA3-4A0D-971F-7B1E8683096A}.Release|x86.ActiveCfg = Release|x86
		{412082EE-BBA3-4A0D-971F-7B1E8683096A}.Release|x86.Build.0 = Release|x86
	EndGlobalSection
	GlobalSection(SolutionProperties) = preSolution
		HideSolutionNode = FALSE
	EndGlobalSection
EndGlobal
