
Microsoft Visual Studio Solution File, Format Version 11.00
# Visual Studio 2010
Project("{FAE04EC0-301F-11D3-BF4B-00C04F79EFBC}") = "Page03", "Page03\Page03.csproj", "{C9571DE1-6E47-49C3-8218-E86C3A5F7B1E}"
EndProject
Global
	GlobalSection(SolutionConfigurationPlatforms) = preSolution
		Debug|x86 = Debug|x86
		Release|x86 = Release|x86
	EndGlobalSection
	GlobalSection(ProjectConfigurationPlatforms) = postSolution
		{C9571DE1-6E47-49C3-8218-E86C3A5F7B1E}.Debug|x86.ActiveCfg = Debug|x86
		{C9571DE1-6E47-49C3-8218-E86C3A5F7B1E}.Debug|x86.Build.0 = Debug|x86
		{C9571DE1-6E47-49C3-8218-E86C3A5F7B1E}.Release|x86.ActiveCfg = Release|x86
		{C9571DE1-6E47-49C3-8218-E86C3A5F7B1E}.Release|x86.Build.0 = Release|x86
	EndGlobalSection
	GlobalSection(SolutionProperties) = preSolution
		HideSolutionNode = FALSE
	EndGlobalSection
EndGlobal
