
Microsoft Visual Studio Solution File, Format Version 11.00
# Visual Studio 2010
Project("{FAE04EC0-301F-11D3-BF4B-00C04F79EFBC}") = "Page669", "Page669\Page669.csproj", "{9FF8BAB7-1AA8-4C2D-AA17-C0106AC4ABEA}"
EndProject
Global
	GlobalSection(SolutionConfigurationPlatforms) = preSolution
		Debug|x86 = Debug|x86
		Release|x86 = Release|x86
	EndGlobalSection
	GlobalSection(ProjectConfigurationPlatforms) = postSolution
		{9FF8BAB7-1AA8-4C2D-AA17-C0106AC4ABEA}.Debug|x86.ActiveCfg = Debug|x86
		{9FF8BAB7-1AA8-4C2D-AA17-C0106AC4ABEA}.Debug|x86.Build.0 = Debug|x86
		{9FF8BAB7-1AA8-4C2D-AA17-C0106AC4ABEA}.Release|x86.ActiveCfg = Release|x86
		{9FF8BAB7-1AA8-4C2D-AA17-C0106AC4ABEA}.Release|x86.Build.0 = Release|x86
	EndGlobalSection
	GlobalSection(SolutionProperties) = preSolution
		HideSolutionNode = FALSE
	EndGlobalSection
EndGlobal
