
Microsoft Visual Studio Solution File, Format Version 11.00
# Visual Studio 2010
Project("{FAE04EC0-301F-11D3-BF4B-00C04F79EFBC}") = "Page676", "Page676\Page676.csproj", "{6452C0B8-36A3-4043-9C47-E739AA79E30E}"
EndProject
Global
	GlobalSection(SolutionConfigurationPlatforms) = preSolution
		Debug|x86 = Debug|x86
		Release|x86 = Release|x86
	EndGlobalSection
	GlobalSection(ProjectConfigurationPlatforms) = postSolution
		{6452C0B8-36A3-4043-9C47-E739AA79E30E}.Debug|x86.ActiveCfg = Debug|x86
		{6452C0B8-36A3-4043-9C47-E739AA79E30E}.Debug|x86.Build.0 = Debug|x86
		{6452C0B8-36A3-4043-9C47-E739AA79E30E}.Release|x86.ActiveCfg = Release|x86
		{6452C0B8-36A3-4043-9C47-E739AA79E30E}.Release|x86.Build.0 = Release|x86
	EndGlobalSection
	GlobalSection(SolutionProperties) = preSolution
		HideSolutionNode = FALSE
	EndGlobalSection
EndGlobal
