
Microsoft Visual Studio Solution File, Format Version 11.00
# Visual Studio 2010
Project("{FAE04EC0-301F-11D3-BF4B-00C04F79EFBC}") = "Page21", "Page21\Page21.csproj", "{938B4B89-BB10-42F5-8115-17938C7FD18F}"
EndProject
Global
	GlobalSection(SolutionConfigurationPlatforms) = preSolution
		Debug|x86 = Debug|x86
		Release|x86 = Release|x86
	EndGlobalSection
	GlobalSection(ProjectConfigurationPlatforms) = postSolution
		{938B4B89-BB10-42F5-8115-17938C7FD18F}.Debug|x86.ActiveCfg = Debug|x86
		{938B4B89-BB10-42F5-8115-17938C7FD18F}.Debug|x86.Build.0 = Debug|x86
		{938B4B89-BB10-42F5-8115-17938C7FD18F}.Release|x86.ActiveCfg = Release|x86
		{938B4B89-BB10-42F5-8115-17938C7FD18F}.Release|x86.Build.0 = Release|x86
	EndGlobalSection
	GlobalSection(SolutionProperties) = preSolution
		HideSolutionNode = FALSE
	EndGlobalSection
EndGlobal
