
Microsoft Visual Studio Solution File, Format Version 11.00
# Visual Studio 2010
Project("{FAE04EC0-301F-11D3-BF4B-00C04F79EFBC}") = "Page21", "Page21\Page21.csproj", "{124E592F-0E50-4C3B-AAB7-BA207EC8B6CE}"
EndProject
Global
	GlobalSection(SolutionConfigurationPlatforms) = preSolution
		Debug|x86 = Debug|x86
		Release|x86 = Release|x86
	EndGlobalSection
	GlobalSection(ProjectConfigurationPlatforms) = postSolution
		{124E592F-0E50-4C3B-AAB7-BA207EC8B6CE}.Debug|x86.ActiveCfg = Debug|x86
		{124E592F-0E50-4C3B-AAB7-BA207EC8B6CE}.Debug|x86.Build.0 = Debug|x86
		{124E592F-0E50-4C3B-AAB7-BA207EC8B6CE}.Release|x86.ActiveCfg = Release|x86
		{124E592F-0E50-4C3B-AAB7-BA207EC8B6CE}.Release|x86.Build.0 = Release|x86
	EndGlobalSection
	GlobalSection(SolutionProperties) = preSolution
		HideSolutionNode = FALSE
	EndGlobalSection
EndGlobal
