
Microsoft Visual Studio Solution File, Format Version 11.00
# Visual Studio 2010
Project("{FAE04EC0-301F-11D3-BF4B-00C04F79EFBC}") = "Page40", "Page40\Page40.csproj", "{E5337549-C3A2-471A-981A-288243E44B79}"
EndProject
Global
	GlobalSection(SolutionConfigurationPlatforms) = preSolution
		Debug|x86 = Debug|x86
		Release|x86 = Release|x86
	EndGlobalSection
	GlobalSection(ProjectConfigurationPlatforms) = postSolution
		{E5337549-C3A2-471A-981A-288243E44B79}.Debug|x86.ActiveCfg = Debug|x86
		{E5337549-C3A2-471A-981A-288243E44B79}.Debug|x86.Build.0 = Debug|x86
		{E5337549-C3A2-471A-981A-288243E44B79}.Release|x86.ActiveCfg = Release|x86
		{E5337549-C3A2-471A-981A-288243E44B79}.Release|x86.Build.0 = Release|x86
	EndGlobalSection
	GlobalSection(SolutionProperties) = preSolution
		HideSolutionNode = FALSE
	EndGlobalSection
EndGlobal
